
Microsoft Visual Studio Solution File, Format Version 12.00
# Visual Studio Version 18
VisualStudioVersion = 18.4.11626.88 stable
MinimumVisualStudioVersion = 10.0.40219.1
Project("{FAE04EC0-301F-11D3-BF4B-00C04F79EFBC}") = "ArchitectFlow_AI", "ArchitectFlow_AI.csproj", "{1F446E41-0E09-B1BA-E94B-0E3041454F60}"
EndProject
Global
	GlobalSection(SolutionConfigurationPlatforms) = preSolution
		Debug|Any CPU = Debug|Any CPU
		Release|Any CPU = Release|Any CPU
	EndGlobalSection
	GlobalSection(ProjectConfigurationPlatforms) = postSolution
		{1F446E41-0E09-B1BA-E94B-0E3041454F60}.Debug|Any CPU.ActiveCfg = Debug|Any CPU
		{1F446E41-0E09-B1BA-E94B-0E3041454F60}.Debug|Any CPU.Build.0 = Debug|Any CPU
		{1F446E41-0E09-B1BA-E94B-0E3041454F60}.Release|Any CPU.ActiveCfg = Release|Any CPU
		{1F446E41-0E09-B1BA-E94B-0E3041454F60}.Release|Any CPU.Build.0 = Release|Any CPU
	EndGlobalSection
	GlobalSection(SolutionProperties) = preSolution
		HideSolutionNode = FALSE
	EndGlobalSection
	GlobalSection(ExtensibilityGlobals) = postSolution
		SolutionGuid = {FED15548-1C42-4CF0-9B87-0C627A4092B0}
	EndGlobalSection
EndGlobal
